// !$*UTF8*$!
{
	archiveVersion = 1;
	classes = {
	};
	objectVersion = 46;
	objects = {

/* Begin PBXBuildFile section */
		90786B161E40DDB10004A967 /* AppDelegate.swift in Sources */ = {isa = PBXBuildFile; fileRef = 90786B151E40DDB10004A967 /* AppDelegate.swift */; };
		90786B181E40DDB10004A967 /* ViewController.swift in Sources */ = {isa = PBXBuildFile; fileRef = 90786B171E40DDB10004A967 /* ViewController.swift */; };
		90786B1B1E40DDB10004A967 /* Main.storyboard in Resources */ = {isa = PBXBuildFile; fileRef = 90786B191E40DDB10004A967 /* Main.storyboard */; };
		90786B1D1E40DDB10004A967 /* Assets.xcassets in Resources */ = {isa = PBXBuildFile; fileRef = 90786B1C1E40DDB10004A967 /* Assets.xcassets */; };
		90786B201E40DDB10004A967 /* LaunchScreen.storyboard in Resources */ = {isa = PBXBuildFile; fileRef = 90786B1E1E40DDB10004A967 /* LaunchScreen.storyboard */; };
		90786B281E421F990004A967 /* WeatherAPI.swift in Sources */ = {isa = PBXBuildFile; fileRef = 90786B271E421F990004A967 /* WeatherAPI.swift */; };
/* End PBXBuildFile section */

/* Begin PBXFileReference section */
		90786B121E40DDB10004A967 /* TutsplusWeather.app */ = {isa = PBXFileReference; explicitFileType = wrapper.application; includeInIndex = 0; path = TutsplusWeather.app; sourceTree = BUILT_PRODUCTS_DIR; };
		90786B151E40DDB10004A967 /* AppDelegate.swift */ = {isa = PBXFileReference; lastKnownFileType = sourcecode.swift; path = AppDelegate.swift; sourceTree = "<group>"; };
		90786B171E40DDB10004A967 /* ViewController.swift */ = {isa = PBXFileReference; lastKnownFileType = sourcecode.swift; path = ViewController.swift; sourceTree = "<group>"; };
		90786B1A1E40DDB10004A967 /* Base */ = {isa = PBXFileReference; lastKnownFileType = file.storyboard; name = Base; path = Base.lproj/Main.storyboard; sourceTree = "<group>"; };
		90786B1C1E40DDB10004A967 /* Assets.xcassets */ = {isa = PBXFileReference; lastKnownFileType = folder.assetcatalog; path = Assets.xcassets; sourceTree = "<group>"; };
		90786B1F1E40DDB10004A967 /* Base */ = {isa = PBXFileReference; lastKnownFileType = file.storyboard; name = Base; path = Base.lproj/LaunchScreen.storyboard; sourceTree = "<group>"; };
		90786B211E40DDB10004A967 /* Info.plist */ = {isa = PBXFileReference; lastKnownFileType = text.plist.xml; path = Info.plist; sourceTree = "<group>"; };
		90786B271E421F990004A967 /* WeatherAPI.swift */ = {isa = PBXFileReference; fileEncoding = 4; lastKnownFileType = sourcecode.swift; path = WeatherAPI.swift; sourceTree = "<group>"; };
/* End PBXFileReference section */

/* Begin PBXFrameworksBuildPhase section */
		90786B0F1E40DDB10004A967 /* Frameworks */ = {
			isa = PBXFrameworksBuildPhase;
			buildActionMask = 2147483647;
			files = (
			);
			runOnlyForDeploymentPostprocessing = 0;
		};
/* End PBXFrameworksBuildPhase section */

/* Begin PBXGroup section */
		90786B091E40DDB10004A967 = {
			isa = PBXGroup;
			children = (
				90786B141E40DDB10004A967 /* TutsplusWeather */,
				90786B131E40DDB10004A967 /* Products */,
			);
			sourceTree = "<group>";
		};
		90786B131E40DDB10004A967 /* Products */ = {
			isa = PBXGroup;
			children = (
				90786B121E40DDB10004A967 /* TutsplusWeather.app */,
			);
			name = Products;
			sourceTree = "<group>";
		};
		90786B141E40DDB10004A967 /* TutsplusWeather */ = {
			isa = PBXGroup;
			children = (
				90786B151E40DDB10004A967 /* AppDelegate.swift */,
				90786B171E40DDB10004A967 /* ViewController.swift */,
				90786B271E421F990004A967 /* WeatherAPI.swift */,
				90786B191E40DDB10004A967 /* Main.storyboard */,
				90786B1C1E40DDB10004A967 /* Assets.xcassets */,
				90786B1E1E40DDB10004A967 /* LaunchScreen.storyboard */,
				90786B211E40DDB10004A967 /* Info.plist */,
			);
			path = TutsplusWeather;
			sourceTree = "<group>";
		};
/* End PBXGroup section */

/* Begin PBXNativeTarget section */
		90786B111E40DDB10004A967 /* TutsplusWeather */ = {
			isa = PBXNativeTarget;
			buildConfigurationList = 90786B241E40DDB10004A967 /* Build configuration list for PBXNativeTarget "TutsplusWeather" */;
			buildPhases = (
				90786B0E1E40DDB10004A967 /* Sources */,
				90786B0F1E40DDB10004A967 /* Frameworks */,
				90786B101E40DDB10004A967 /* Resources */,
			);
			buildRules = (
			);
			dependencies = (
			);
			name = TutsplusWeather;
			productName = TutsplusWeather;
			productReference = 90786B121E40DDB10004A967 /* TutsplusWeather.app */;
			productType = "com.apple.product-type.application";
		};
/* End PBXNativeTarget section */

/* Begin PBXProject section */
		90786B0A1E40DDB10004A967 /* Project object */ = {
			isa = PBXProject;
			attributes = {
				LastSwiftUpdateCheck = 0820;
				LastUpgradeCheck = 0820;
				ORGANIZATIONNAME = "Markus Mühlberger";
				TargetAttributes = {
					90786B111E40DDB10004A967 = {
						CreatedOnToolsVersion = 8.2.1;
						ProvisioningStyle = Automatic;
					};
				};
			};
			buildConfigurationList = 90786B0D1E40DDB10004A967 /* Build configuration list for PBXProject "TutsplusWeather" */;
			compatibilityVersion = "Xcode 3.2";
			developmentRegion = English;
			hasScannedForEncodings = 0;
			knownRegions = (
				en,
				Base,
			);
			mainGroup = 90786B091E40DDB10004A967;
			productRefGroup = 90786B131E40DDB10004A967 /* Products */;
			projectDirPath = "";
			projectRoot = "";
			targets = (
				90786B111E40DDB10004A967 /* TutsplusWeather */,
			);
		};
/* End PBXProject section */

/* Begin PBXResourcesBuildPhase section */
		90786B101E40DDB10004A967 /* Resources */ = {
			isa = PBXResourcesBuildPhase;
			buildActionMask = 2147483647;
			files = (
				90786B201E40DDB10004A967 /* LaunchScreen.storyboard in Resources */,
				90786B1D1E40DDB10004A967 /* Assets.xcassets in Resources */,
				90786B1B1E40DDB10004A967 /* Main.storyboard in Resources */,
			);
			runOnlyForDeploymentPostprocessing = 0;
		};
/* End PBXResourcesBuildPhase section */

/* Begin PBXSourcesBuildPhase section */
		90786B0E1E40DDB10004A967 /* Sources */ = {
			isa = PBXSourcesBuildPhase;
			buildActionMask = 2147483647;
			files = (
				90786B281E421F990004A967 /* WeatherAPI.swift in Sources */,
				90786B181E40DDB10004A967 /* ViewController.swift in Sources */,
				90786B161E40DDB10004A967 /* AppDelegate.swift in Sources */,
			);
			runOnlyForDeploymentPostprocessing = 0;
		};
/* End PBXSourcesBuildPhase section */

/* Begin PBXVariantGroup section */
		90786B191E40DDB10004A967 /* Main.storyboard */ = {
			isa = PBXVariantGroup;
			children = (
				90786B1A1E40DDB10004A967 /* Base */,
			);
			name = Main.storyboard;
			sourceTree = "<group>";
		};
		90786B1E1E40DDB10004A967 /* LaunchScreen.storyboard */ = {
			isa = PBXVariantGroup;
			children = (
				90786B1F1E40DDB10004A967 /* Base */,
			);
			name = LaunchScreen.storyboard;
			sourceTree = "<group>";
		};
/* End PBXVariantGroup section */

/* Begin XCBuildConfiguration section */
		90786B221E40DDB10004A967 /* Debug */ = {
			isa = XCBuildConfiguration;
			buildSettings = {
				ALWAYS_SEARCH_USER_PATHS = NO;
				CLANG_ANALYZER_NONNULL = YES;
				CLANG_CXX_LANGUAGE_STANDARD = "gnu++0x";
				CLANG_CXX_LIBRARY = "libc++";
				CLANG_ENABLE_MODULES = YES;
				CLANG_ENABLE_OBJC_ARC = YES;
				CLANG_WARN_BOOL_CONVERSION = YES;
				CLANG_WARN_CONSTANT_CONVERSION = YES;
				CLANG_WARN_DIRECT_OBJC_ISA_USAGE = YES_ERROR;
				CLANG_WARN_DOCUMENTATION_COMMENTS = YES;
				CLANG_WARN_EMPTY_BODY = YES;
				CLANG_WARN_ENUM_CONVERSION = YES;
				CLANG_WARN_INFINITE_RECURSION = YES;
				CLANG_WARN_INT_CONVERSION = YES;
				CLANG_WARN_OBJC_ROOT_CLASS = YES_ERROR;
				CLANG_WARN_SUSPICIOUS_MOVE = YES;
				CLANG_WARN_UNREACHABLE_CODE = YES;
				CLANG_WARN__DUPLICATE_METHOD_MATCH = YES;
				"CODE_SIGN_IDENTITY[sdk=iphoneos*]" = "iPhone Developer";
				COPY_PHASE_STRIP = NO;
				DEBUG_INFORMATION_FORMAT = dwarf;
				ENABLE_STRICT_OBJC_MSGSEND = YES;
				ENABLE_TESTABILITY = YES;
				GCC_C_LANGUAGE_STANDARD = gnu99;
				GCC_DYNAMIC_NO_PIC = NO;
				GCC_NO_COMMON_BLOCKS = YES;
				GCC_OPTIMIZATION_LEVEL = 0;
				GCC_PREPROCESSOR_DEFINITIONS = (
					"DEBUG=1",
					"$(inherited)",
				);
				GCC_WARN_64_TO_32_BIT_CONVERSION = YES;
				GCC_WARN_ABOUT_RETURN_TYPE = YES_ERROR;
				GCC_WARN_UNDECLARED_SELECTOR = YES;
				GCC_WARN_UNINITIALIZED_AUTOS = YES_AGGRESSIVE;
				GCC_WARN_UNUSED_FUNCTION = YES;
				GCC_WARN_UNUSED_VARIABLE = YES;
				IPHONEOS_DEPLOYMENT_TARGET = 10.2;
				MTL_ENABLE_DEBUG_INFO = YES;
				ONLY_ACTIVE_ARCH = YES;
				SDKROOT = iphoneos;
				SWIFT_ACTIVE_COMPILATION_CONDITIONS = DEBUG;
				SWIFT_OPTIMIZATION_LEVEL = "-Onone";
			};
			name = Debug;
		};
		90786B231E40DDB10004A967 /* Release */ = {
			isa = XCBuildConfiguration;
			buildSettings = {
				ALWAYS_SEARCH_USER_PATHS = NO;
				CLANG_ANALYZER_NONNULL = YES;
				CLANG_CXX_LANGUAGE_STANDARD = "gnu++0x";
				CLANG_CXX_LIBRARY = "libc++";
				CLANG_ENABLE_MODULES = YES;
				CLANG_ENABLE_OBJC_ARC = YES;
				CLANG_WARN_BOOL_CONVERSION = YES;
				CLANG_WARN_CONSTANT_CONVERSION = YES;
				CLANG_WARN_DIRECT_OBJC_ISA_USAGE = YES_ERROR;
				CLANG_WARN_DOCUMENTATION_COMMENTS = YES;
				CLANG_WARN_EMPTY_BODY = YES;
				CLANG_WARN_ENUM_CONVERSION = YES;
				CLANG_WARN_INFINITE_RECURSION = YES;
				CLANG_WARN_INT_CONVERSION = YES;
				CLANG_WARN_OBJC_ROOT_CLASS = YES_ERROR;
				CLANG_WARN_SUSPICIOUS_MOVE = YES;
				CLANG_WARN_UNREACHABLE_CODE = YES;
				CLANG_WARN__DUPLICATE_METHOD_MATCH = YES;
				"CODE_SIGN_IDENTITY[sdk=iphoneos*]" = "iPhone Developer";
				COPY_PHASE_STRIP = NO;
				DEBUG_INFORMATION_FORMAT = "dwarf-with-dsym";
				ENABLE_NS_ASSERTIONS = NO;
				ENABLE_STRICT_OBJC_MSGSEND = YES;
				GCC_C_LANGUAGE_STANDARD = gnu99;
				GCC_NO_COMMON_BLOCKS = YES;
				GCC_WARN_64_TO_32_BIT_CONVERSION = YES;
				GCC_WARN_ABOUT_RETURN_TYPE = YES_ERROR;
				GCC_WARN_UNDECLARED_SELECTOR = YES;
				GCC_WARN_UNINITIALIZED_AUTOS = YES_AGGRESSIVE;
				GCC_WARN_UNUSED_FUNCTION = YES;
				GCC_WARN_UNUSED_VARIABLE = YES;
				IPHONEOS_DEPLOYMENT_TARGET = 10.2;
				MTL_ENABLE_DEBUG_INFO = NO;
				SDKROOT = iphoneos;
				SWIFT_OPTIMIZATION_LEVEL = "-Owholemodule";
				VALIDATE_PRODUCT = YES;
			};
			name = Release;
		};
		90786B251E40DDB10004A967 /* Debug */ = {
			isa = XCBuildConfiguration;
			buildSettings = {
				ASSETCATALOG_COMPILER_APPICON_NAME = AppIcon;
				INFOPLIST_FILE = TutsplusWeather/Info.plist;
				LD_RUNPATH_SEARCH_PATHS = "$(inherited) @executable_path/Frameworks";
				PRODUCT_BUNDLE_IDENTIFIER = com.mmuehlberger.TutsplusWeather;
				PRODUCT_NAME = "$(TARGET_NAME)";
				SWIFT_VERSION = 3.0;
			};
			name = Debug;
		};
		90786B261E40DDB10004A967 /* Release */ = {
			isa = XCBuildConfiguration;
			buildSettings = {
				ASSETCATALOG_COMPILER_APPICON_NAME = AppIcon;
				INFOPLIST_FILE = TutsplusWeather/Info.plist;
				LD_RUNPATH_SEARCH_PATHS = "$(inherited) @executable_path/Frameworks";
				PRODUCT_BUNDLE_IDENTIFIER = com.mmuehlberger.TutsplusWeather;
				PRODUCT_NAME = "$(TARGET_NAME)";
				SWIFT_VERSION = 3.0;
			};
			name = Release;
		};
/* End XCBuildConfiguration section */

/* Begin XCConfigurationList section */
		90786B0D1E40DDB10004A967 /* Build configuration list for PBXProject "TutsplusWeather" */ = {
			isa = XCConfigurationList;
			buildConfigurations = (
				90786B221E40DDB10004A967 /* Debug */,
				90786B231E40DDB10004A967 /* Release */,
			);
			defaultConfigurationIsVisible = 0;
			defaultConfigurationName = Release;
		};
		90786B241E40DDB10004A967 /* Build configuration list for PBXNativeTarget "TutsplusWeather" */ = {
			isa = XCConfigurationList;
			buildConfigurations = (
				90786B251E40DDB10004A967 /* Debug */,
				90786B261E40DDB10004A967 /* Release */,
			);
			defaultConfigurationIsVisible = 0;
		};
/* End XCConfigurationList section */
	};
	rootObject = 90786B0A1E40DDB10004A967 /* Project object */;
}
